PODS:
  - Alamofire (2.0.2)
  - BetterBaseClasses (1.14.0):
    - BetterBaseClasses/Categories (= 1.14.0)
    - BetterBaseClasses/Constants (= 1.14.0)
    - BetterBaseClasses/Controllers (= 1.14.0)
    - BetterBaseClasses/Views (= 1.14.0)
  - BetterBaseClasses/Categories (1.14.0)
  - BetterBaseClasses/Constants (1.14.0)
  - BetterBaseClasses/Controllers (1.14.0):
    - BetterBaseClasses/Categories
    - BetterBaseClasses/Constants
  - BetterBaseClasses/Views (1.14.0)
  - MBProgressHUD (0.9.2)

DEPENDENCIES:
  - Alamofire (~> 2.0)
  - BetterBaseClasses (~> 1.0)
  - MBProgressHUD (~> 0.9.0)

SPEC CHECKSUMS:
  Alamofire: 8edbab00802a752bb5240cc2abe70e7e881488ad
  BetterBaseClasses: 573f6a730f91c00346c456cdedeb859a35ea508b
  MBProgressHUD: 1569cf7ace17a8bac47aabfbb8580a49690386d1

PODFILE CHECKSUM: 878891522a5d85d32850edb5702fbbb26d50725b

COCOAPODS: 1.0.1
