PODS:
  - Alamofire (2.0.2)
  - BetterBaseClasses (1.14.0):
    - BetterBaseClasses/Categories (= 1.14.0)
    - BetterBaseClasses/Constants (= 1.14.0)
    - BetterBaseClasses/Controllers (= 1.14.0)
    - BetterBaseClasses/Views (= 1.14.0)
  - BetterBaseClasses/Categories (1.14.0)
  - BetterBaseClasses/Constants (1.14.0)
  - BetterBaseClasses/Controllers (1.14.0):
    - BetterBaseClasses/Categories
    - BetterBaseClasses/Constants
  - BetterBaseClasses/Views (1.14.0)
  - MBProgressHUD (1.0.0)

DEPENDENCIES:
  - Alamofire (~> 2.0)
  - BetterBaseClasses (~> 1.0)
  - MBProgressHUD (~> 1.0.0)

SPEC CHECKSUMS:
  Alamofire: 8edbab00802a752bb5240cc2abe70e7e881488ad
  BetterBaseClasses: 573f6a730f91c00346c456cdedeb859a35ea508b
  MBProgressHUD: 4890f671c94e8a0f3cf959aa731e9de2f036d71a

PODFILE CHECKSUM: bac8e7409ee51d289caf1b2eb6954a2f11ec8c0a

COCOAPODS: 1.0.1
